
Microsoft Visual Studio Solution File, Format Version 12.00
# Visual Studio Version 16
VisualStudioVersion = 16.0.29230.47
MinimumVisualStudioVersion = 10.0.40219.1
Project("{FAE04EC0-301F-11D3-BF4B-00C04F79EFBC}") = "WebAppWithoutAngular", "WebAppWithoutAngular\WebAppWithoutAngular.csproj", "{90F02A0E-2600-4791-A79F-A6F7FBAD7B2D}"
EndProject
Global
	GlobalSection(SolutionConfigurationPlatforms) = preSolution
		Debug|Any CPU = Debug|Any CPU
		Release|Any CPU = Release|Any CPU
	EndGlobalSection
	GlobalSection(ProjectConfigurationPlatforms) = postSolution
		{90F02A0E-2600-4791-A79F-A6F7FBAD7B2D}.Debug|Any CPU.ActiveCfg = Debug|Any CPU
		{90F02A0E-2600-4791-A79F-A6F7FBAD7B2D}.Debug|Any CPU.Build.0 = Debug|Any CPU
		{90F02A0E-2600-4791-A79F-A6F7FBAD7B2D}.Release|Any CPU.ActiveCfg = Release|Any CPU
		{90F02A0E-2600-4791-A79F-A6F7FBAD7B2D}.Release|Any CPU.Build.0 = Release|Any CPU
	EndGlobalSection
	GlobalSection(SolutionProperties) = preSolution
		HideSolutionNode = FALSE
	EndGlobalSection
	GlobalSection(ExtensibilityGlobals) = postSolution
		SolutionGuid = {C320FE29-61A0-4585-B61E-51E1E249F004}
	EndGlobalSection
EndGlobal
